// !$*UTF8*$!
{
	archiveVersion = 1;
	classes = {
	};
	objectVersion = 50;
	objects = {

/* Begin PBXBuildFile section */
		D8C85ACA25935CE100DF2AD6 /* AppDelegate.swift in Sources */ = {isa = PBXBuildFile; fileRef = D8C85AC925935CE100DF2AD6 /* AppDelegate.swift */; };
		D8C85ACC25935CE100DF2AD6 /* SceneDelegate.swift in Sources */ = {isa = PBXBuildFile; fileRef = D8C85ACB25935CE100DF2AD6 /* SceneDelegate.swift */; };
		D8C85ACE25935CE200DF2AD6 /* ConversationsViewController.swift in Sources */ = {isa = PBXBuildFile; fileRef = D8C85ACD25935CE100DF2AD6 /* ConversationsViewController.swift */; };
		D8C85AD125935CE200DF2AD6 /* Main.storyboard in Resources */ = {isa = PBXBuildFile; fileRef = D8C85ACF25935CE200DF2AD6 /* Main.storyboard */; };
		D8C85AD325935CE500DF2AD6 /* Assets.xcassets in Resources */ = {isa = PBXBuildFile; fileRef = D8C85AD225935CE500DF2AD6 /* Assets.xcassets */; };
		D8C85AD625935CE500DF2AD6 /* LaunchScreen.storyboard in Resources */ = {isa = PBXBuildFile; fileRef = D8C85AD425935CE500DF2AD6 /* LaunchScreen.storyboard */; };
		D8C85AEA25935F9E00DF2AD6 /* LoginViewController.swift in Sources */ = {isa = PBXBuildFile; fileRef = D8C85AE925935F9E00DF2AD6 /* LoginViewController.swift */; };
		D8C85AED25935FAE00DF2AD6 /* RegisterViewController.swift in Sources */ = {isa = PBXBuildFile; fileRef = D8C85AEC25935FAE00DF2AD6 /* RegisterViewController.swift */; };
		D8C85AF025935FD500DF2AD6 /* PhotoViewerViewController.swift in Sources */ = {isa = PBXBuildFile; fileRef = D8C85AEF25935FD500DF2AD6 /* PhotoViewerViewController.swift */; };
		D8C85AF325935FE200DF2AD6 /* VideoPlayerViewController.swift in Sources */ = {isa = PBXBuildFile; fileRef = D8C85AF225935FE200DF2AD6 /* VideoPlayerViewController.swift */; };
		D8C85AF62593600300DF2AD6 /* NewConversationViewController.swift in Sources */ = {isa = PBXBuildFile; fileRef = D8C85AF52593600300DF2AD6 /* NewConversationViewController.swift */; };
		D8C85AF92593601000DF2AD6 /* ProfileViewController.swift in Sources */ = {isa = PBXBuildFile; fileRef = D8C85AF82593601000DF2AD6 /* ProfileViewController.swift */; };
/* End PBXBuildFile section */

/* Begin PBXFileReference section */
		D8C85AC625935CE100DF2AD6 /* Messenger.app */ = {isa = PBXFileReference; explicitFileType = wrapper.application; includeInIndex = 0; path = Messenger.app; sourceTree = BUILT_PRODUCTS_DIR; };
		D8C85AC925935CE100DF2AD6 /* AppDelegate.swift */ = {isa = PBXFileReference; lastKnownFileType = sourcecode.swift; path = AppDelegate.swift; sourceTree = "<group>"; };
		D8C85ACB25935CE100DF2AD6 /* SceneDelegate.swift */ = {isa = PBXFileReference; lastKnownFileType = sourcecode.swift; path = SceneDelegate.swift; sourceTree = "<group>"; };
		D8C85ACD25935CE100DF2AD6 /* ConversationsViewController.swift */ = {isa = PBXFileReference; lastKnownFileType = sourcecode.swift; path = ConversationsViewController.swift; sourceTree = "<group>"; };
		D8C85AD025935CE200DF2AD6 /* Base */ = {isa = PBXFileReference; lastKnownFileType = file.storyboard; name = Base; path = Base.lproj/Main.storyboard; sourceTree = "<group>"; };
		D8C85AD225935CE500DF2AD6 /* Assets.xcassets */ = {isa = PBXFileReference; lastKnownFileType = folder.assetcatalog; path = Assets.xcassets; sourceTree = "<group>"; };
		D8C85AD525935CE500DF2AD6 /* Base */ = {isa = PBXFileReference; lastKnownFileType = file.storyboard; name = Base; path = Base.lproj/LaunchScreen.storyboard; sourceTree = "<group>"; };
		D8C85AD725935CE500DF2AD6 /* Info.plist */ = {isa = PBXFileReference; lastKnownFileType = text.plist.xml; path = Info.plist; sourceTree = "<group>"; };
		D8C85AE925935F9E00DF2AD6 /* LoginViewController.swift */ = {isa = PBXFileReference; lastKnownFileType = sourcecode.swift; path = LoginViewController.swift; sourceTree = "<group>"; };
		D8C85AEC25935FAE00DF2AD6 /* RegisterViewController.swift */ = {isa = PBXFileReference; lastKnownFileType = sourcecode.swift; path = RegisterViewController.swift; sourceTree = "<group>"; };
		D8C85AEF25935FD500DF2AD6 /* PhotoViewerViewController.swift */ = {isa = PBXFileReference; lastKnownFileType = sourcecode.swift; path = PhotoViewerViewController.swift; sourceTree = "<group>"; };
		D8C85AF225935FE200DF2AD6 /* VideoPlayerViewController.swift */ = {isa = PBXFileReference; lastKnownFileType = sourcecode.swift; path = VideoPlayerViewController.swift; sourceTree = "<group>"; };
		D8C85AF52593600300DF2AD6 /* NewConversationViewController.swift */ = {isa = PBXFileReference; lastKnownFileType = sourcecode.swift; path = NewConversationViewController.swift; sourceTree = "<group>"; };
		D8C85AF82593601000DF2AD6 /* ProfileViewController.swift */ = {isa = PBXFileReference; lastKnownFileType = sourcecode.swift; path = ProfileViewController.swift; sourceTree = "<group>"; };
/* End PBXFileReference section */

/* Begin PBXFrameworksBuildPhase section */
		D8C85AC325935CE100DF2AD6 /* Frameworks */ = {
			isa = PBXFrameworksBuildPhase;
			buildActionMask = 2147483647;
			files = (
			);
			runOnlyForDeploymentPostprocessing = 0;
		};
/* End PBXFrameworksBuildPhase section */

/* Begin PBXGroup section */
		D8C85ABD25935CE100DF2AD6 = {
			isa = PBXGroup;
			children = (
				D8C85AC825935CE100DF2AD6 /* Messenger */,
				D8C85AC725935CE100DF2AD6 /* Products */,
			);
			sourceTree = "<group>";
		};
		D8C85AC725935CE100DF2AD6 /* Products */ = {
			isa = PBXGroup;
			children = (
				D8C85AC625935CE100DF2AD6 /* Messenger.app */,
			);
			name = Products;
			sourceTree = "<group>";
		};
		D8C85AC825935CE100DF2AD6 /* Messenger */ = {
			isa = PBXGroup;
			children = (
				D8C85AE225935E9B00DF2AD6 /* Resources */,
				D8C85AE125935E9300DF2AD6 /* ViewModels */,
				D8C85AE025935E8E00DF2AD6 /* Models */,
				D8C85ADF25935E8900DF2AD6 /* Views */,
				D8C85ADE25935E7E00DF2AD6 /* Controllers */,
				D8C85AD725935CE500DF2AD6 /* Info.plist */,
			);
			path = Messenger;
			sourceTree = "<group>";
		};
		D8C85ADE25935E7E00DF2AD6 /* Controllers */ = {
			isa = PBXGroup;
			children = (
				D8C85ACD25935CE100DF2AD6 /* ConversationsViewController.swift */,
				D8C85AE925935F9E00DF2AD6 /* LoginViewController.swift */,
				D8C85AEC25935FAE00DF2AD6 /* RegisterViewController.swift */,
				D8C85AEF25935FD500DF2AD6 /* PhotoViewerViewController.swift */,
				D8C85AF225935FE200DF2AD6 /* VideoPlayerViewController.swift */,
				D8C85AF52593600300DF2AD6 /* NewConversationViewController.swift */,
				D8C85AF82593601000DF2AD6 /* ProfileViewController.swift */,
			);
			path = Controllers;
			sourceTree = "<group>";
		};
		D8C85ADF25935E8900DF2AD6 /* Views */ = {
			isa = PBXGroup;
			children = (
				D8C85AE425935EBD00DF2AD6 /* Storyboards */,
				D8C85AD225935CE500DF2AD6 /* Assets.xcassets */,
			);
			path = Views;
			sourceTree = "<group>";
		};
		D8C85AE025935E8E00DF2AD6 /* Models */ = {
			isa = PBXGroup;
			children = (
			);
			path = Models;
			sourceTree = "<group>";
		};
		D8C85AE125935E9300DF2AD6 /* ViewModels */ = {
			isa = PBXGroup;
			children = (
			);
			path = ViewModels;
			sourceTree = "<group>";
		};
		D8C85AE225935E9B00DF2AD6 /* Resources */ = {
			isa = PBXGroup;
			children = (
				D8C85AC925935CE100DF2AD6 /* AppDelegate.swift */,
				D8C85ACB25935CE100DF2AD6 /* SceneDelegate.swift */,
			);
			path = Resources;
			sourceTree = "<group>";
		};
		D8C85AE425935EBD00DF2AD6 /* Storyboards */ = {
			isa = PBXGroup;
			children = (
				D8C85ACF25935CE200DF2AD6 /* Main.storyboard */,
				D8C85AD425935CE500DF2AD6 /* LaunchScreen.storyboard */,
			);
			path = Storyboards;
			sourceTree = "<group>";
		};
/* End PBXGroup section */

/* Begin PBXNativeTarget section */
		D8C85AC525935CE100DF2AD6 /* Messenger */ = {
			isa = PBXNativeTarget;
			buildConfigurationList = D8C85ADA25935CE500DF2AD6 /* Build configuration list for PBXNativeTarget "Messenger" */;
			buildPhases = (
				D8C85AC225935CE100DF2AD6 /* Sources */,
				D8C85AC325935CE100DF2AD6 /* Frameworks */,
				D8C85AC425935CE100DF2AD6 /* Resources */,
			);
			buildRules = (
			);
			dependencies = (
			);
			name = Messenger;
			productName = Messenger;
			productReference = D8C85AC625935CE100DF2AD6 /* Messenger.app */;
			productType = "com.apple.product-type.application";
		};
/* End PBXNativeTarget section */

/* Begin PBXProject section */
		D8C85ABE25935CE100DF2AD6 /* Project object */ = {
			isa = PBXProject;
			attributes = {
				LastSwiftUpdateCheck = 1230;
				LastUpgradeCheck = 1230;
				TargetAttributes = {
					D8C85AC525935CE100DF2AD6 = {
						CreatedOnToolsVersion = 12.3;
					};
				};
			};
			buildConfigurationList = D8C85AC125935CE100DF2AD6 /* Build configuration list for PBXProject "Messenger" */;
			compatibilityVersion = "Xcode 9.3";
			developmentRegion = en;
			hasScannedForEncodings = 0;
			knownRegions = (
				en,
				Base,
			);
			mainGroup = D8C85ABD25935CE100DF2AD6;
			productRefGroup = D8C85AC725935CE100DF2AD6 /* Products */;
			projectDirPath = "";
			projectRoot = "";
			targets = (
				D8C85AC525935CE100DF2AD6 /* Messenger */,
			);
		};
/* End PBXProject section */

/* Begin PBXResourcesBuildPhase section */
		D8C85AC425935CE100DF2AD6 /* Resources */ = {
			isa = PBXResourcesBuildPhase;
			buildActionMask = 2147483647;
			files = (
				D8C85AD625935CE500DF2AD6 /* LaunchScreen.storyboard in Resources */,
				D8C85AD325935CE500DF2AD6 /* Assets.xcassets in Resources */,
				D8C85AD125935CE200DF2AD6 /* Main.storyboard in Resources */,
			);
			runOnlyForDeploymentPostprocessing = 0;
		};
/* End PBXResourcesBuildPhase section */

/* Begin PBXSourcesBuildPhase section */
		D8C85AC225935CE100DF2AD6 /* Sources */ = {
			isa = PBXSourcesBuildPhase;
			buildActionMask = 2147483647;
			files = (
				D8C85AEA25935F9E00DF2AD6 /* LoginViewController.swift in Sources */,
				D8C85AED25935FAE00DF2AD6 /* RegisterViewController.swift in Sources */,
				D8C85AF62593600300DF2AD6 /* NewConversationViewController.swift in Sources */,
				D8C85ACE25935CE200DF2AD6 /* ConversationsViewController.swift in Sources */,
				D8C85AF325935FE200DF2AD6 /* VideoPlayerViewController.swift in Sources */,
				D8C85ACA25935CE100DF2AD6 /* AppDelegate.swift in Sources */,
				D8C85AF92593601000DF2AD6 /* ProfileViewController.swift in Sources */,
				D8C85ACC25935CE100DF2AD6 /* SceneDelegate.swift in Sources */,
				D8C85AF025935FD500DF2AD6 /* PhotoViewerViewController.swift in Sources */,
			);
			runOnlyForDeploymentPostprocessing = 0;
		};
/* End PBXSourcesBuildPhase section */

/* Begin PBXVariantGroup section */
		D8C85ACF25935CE200DF2AD6 /* Main.storyboard */ = {
			isa = PBXVariantGroup;
			children = (
				D8C85AD025935CE200DF2AD6 /* Base */,
			);
			name = Main.storyboard;
			sourceTree = "<group>";
		};
		D8C85AD425935CE500DF2AD6 /* LaunchScreen.storyboard */ = {
			isa = PBXVariantGroup;
			children = (
				D8C85AD525935CE500DF2AD6 /* Base */,
			);
			name = LaunchScreen.storyboard;
			sourceTree = "<group>";
		};
/* End PBXVariantGroup section */

/* Begin XCBuildConfiguration section */
		D8C85AD825935CE500DF2AD6 /* Debug */ = {
			isa = XCBuildConfiguration;
			buildSettings = {
				ALWAYS_SEARCH_USER_PATHS = NO;
				CLANG_ANALYZER_NONNULL = YES;
				CLANG_ANALYZER_NUMBER_OBJECT_CONVERSION = YES_AGGRESSIVE;
				CLANG_CXX_LANGUAGE_STANDARD = "gnu++14";
				CLANG_CXX_LIBRARY = "libc++";
				CLANG_ENABLE_MODULES = YES;
				CLANG_ENABLE_OBJC_ARC = YES;
				CLANG_ENABLE_OBJC_WEAK = YES;
				CLANG_WARN_BLOCK_CAPTURE_AUTORELEASING = YES;
				CLANG_WARN_BOOL_CONVERSION = YES;
				CLANG_WARN_COMMA = YES;
				CLANG_WARN_CONSTANT_CONVERSION = YES;
				CLANG_WARN_DEPRECATED_OBJC_IMPLEMENTATIONS = YES;
				CLANG_WARN_DIRECT_OBJC_ISA_USAGE = YES_ERROR;
				CLANG_WARN_DOCUMENTATION_COMMENTS = YES;
				CLANG_WARN_EMPTY_BODY = YES;
				CLANG_WARN_ENUM_CONVERSION = YES;
				CLANG_WARN_INFINITE_RECURSION = YES;
				CLANG_WARN_INT_CONVERSION = YES;
				CLANG_WARN_NON_LITERAL_NULL_CONVERSION = YES;
				CLANG_WARN_OBJC_IMPLICIT_RETAIN_SELF = YES;
				CLANG_WARN_OBJC_LITERAL_CONVERSION = YES;
				CLANG_WARN_OBJC_ROOT_CLASS = YES_ERROR;
				CLANG_WARN_QUOTED_INCLUDE_IN_FRAMEWORK_HEADER = YES;
				CLANG_WARN_RANGE_LOOP_ANALYSIS = YES;
				CLANG_WARN_STRICT_PROTOTYPES = YES;
				CLANG_WARN_SUSPICIOUS_MOVE = YES;
				CLANG_WARN_UNGUARDED_AVAILABILITY = YES_AGGRESSIVE;
				CLANG_WARN_UNREACHABLE_CODE = YES;
				CLANG_WARN__DUPLICATE_METHOD_MATCH = YES;
				COPY_PHASE_STRIP = NO;
				DEBUG_INFORMATION_FORMAT = dwarf;
				ENABLE_STRICT_OBJC_MSGSEND = YES;
				ENABLE_TESTABILITY = YES;
				GCC_C_LANGUAGE_STANDARD = gnu11;
				GCC_DYNAMIC_NO_PIC = NO;
				GCC_NO_COMMON_BLOCKS = YES;
				GCC_OPTIMIZATION_LEVEL = 0;
				GCC_PREPROCESSOR_DEFINITIONS = (
					"DEBUG=1",
					"$(inherited)",
				);
				GCC_WARN_64_TO_32_BIT_CONVERSION = YES;
				GCC_WARN_ABOUT_RETURN_TYPE = YES_ERROR;
				GCC_WARN_UNDECLARED_SELECTOR = YES;
				GCC_WARN_UNINITIALIZED_AUTOS = YES_AGGRESSIVE;
				GCC_WARN_UNUSED_FUNCTION = YES;
				GCC_WARN_UNUSED_VARIABLE = YES;
				IPHONEOS_DEPLOYMENT_TARGET = 14.3;
				MTL_ENABLE_DEBUG_INFO = INCLUDE_SOURCE;
				MTL_FAST_MATH = YES;
				ONLY_ACTIVE_ARCH = YES;
				SDKROOT = iphoneos;
				SWIFT_ACTIVE_COMPILATION_CONDITIONS = DEBUG;
				SWIFT_OPTIMIZATION_LEVEL = "-Onone";
			};
			name = Debug;
		};
		D8C85AD925935CE500DF2AD6 /* Release */ = {
			isa = XCBuildConfiguration;
			buildSettings = {
				ALWAYS_SEARCH_USER_PATHS = NO;
				CLANG_ANALYZER_NONNULL = YES;
				CLANG_ANALYZER_NUMBER_OBJECT_CONVERSION = YES_AGGRESSIVE;
				CLANG_CXX_LANGUAGE_STANDARD = "gnu++14";
				CLANG_CXX_LIBRARY = "libc++";
				CLANG_ENABLE_MODULES = YES;
				CLANG_ENABLE_OBJC_ARC = YES;
				CLANG_ENABLE_OBJC_WEAK = YES;
				CLANG_WARN_BLOCK_CAPTURE_AUTORELEASING = YES;
				CLANG_WARN_BOOL_CONVERSION = YES;
				CLANG_WARN_COMMA = YES;
				CLANG_WARN_CONSTANT_CONVERSION = YES;
				CLANG_WARN_DEPRECATED_OBJC_IMPLEMENTATIONS = YES;
				CLANG_WARN_DIRECT_OBJC_ISA_USAGE = YES_ERROR;
				CLANG_WARN_DOCUMENTATION_COMMENTS = YES;
				CLANG_WARN_EMPTY_BODY = YES;
				CLANG_WARN_ENUM_CONVERSION = YES;
				CLANG_WARN_INFINITE_RECURSION = YES;
				CLANG_WARN_INT_CONVERSION = YES;
				CLANG_WARN_NON_LITERAL_NULL_CONVERSION = YES;
				CLANG_WARN_OBJC_IMPLICIT_RETAIN_SELF = YES;
				CLANG_WARN_OBJC_LITERAL_CONVERSION = YES;
				CLANG_WARN_OBJC_ROOT_CLASS = YES_ERROR;
				CLANG_WARN_QUOTED_INCLUDE_IN_FRAMEWORK_HEADER = YES;
				CLANG_WARN_RANGE_LOOP_ANALYSIS = YES;
				CLANG_WARN_STRICT_PROTOTYPES = YES;
				CLANG_WARN_SUSPICIOUS_MOVE = YES;
				CLANG_WARN_UNGUARDED_AVAILABILITY = YES_AGGRESSIVE;
				CLANG_WARN_UNREACHABLE_CODE = YES;
				CLANG_WARN__DUPLICATE_METHOD_MATCH = YES;
				COPY_PHASE_STRIP = NO;
				DEBUG_INFORMATION_FORMAT = "dwarf-with-dsym";
				ENABLE_NS_ASSERTIONS = NO;
				ENABLE_STRICT_OBJC_MSGSEND = YES;
				GCC_C_LANGUAGE_STANDARD = gnu11;
				GCC_NO_COMMON_BLOCKS = YES;
				GCC_WARN_64_TO_32_BIT_CONVERSION = YES;
				GCC_WARN_ABOUT_RETURN_TYPE = YES_ERROR;
				GCC_WARN_UNDECLARED_SELECTOR = YES;
				GCC_WARN_UNINITIALIZED_AUTOS = YES_AGGRESSIVE;
				GCC_WARN_UNUSED_FUNCTION = YES;
				GCC_WARN_UNUSED_VARIABLE = YES;
				IPHONEOS_DEPLOYMENT_TARGET = 14.3;
				MTL_ENABLE_DEBUG_INFO = NO;
				MTL_FAST_MATH = YES;
				SDKROOT = iphoneos;
				SWIFT_COMPILATION_MODE = wholemodule;
				SWIFT_OPTIMIZATION_LEVEL = "-O";
				VALIDATE_PRODUCT = YES;
			};
			name = Release;
		};
		D8C85ADB25935CE500DF2AD6 /* Debug */ = {
			isa = XCBuildConfiguration;
			buildSettings = {
				ASSETCATALOG_COMPILER_APPICON_NAME = AppIcon;
				ASSETCATALOG_COMPILER_GLOBAL_ACCENT_COLOR_NAME = AccentColor;
				CODE_SIGN_STYLE = Automatic;
				DEVELOPMENT_TEAM = 6J6245LPWX;
				INFOPLIST_FILE = Messenger/Info.plist;
				IPHONEOS_DEPLOYMENT_TARGET = 14.0;
				LD_RUNPATH_SEARCH_PATHS = (
					"$(inherited)",
					"@executable_path/Frameworks",
				);
				PRODUCT_BUNDLE_IDENTIFIER = "egehan-karakose.Messenger";
				PRODUCT_NAME = "$(TARGET_NAME)";
				SWIFT_VERSION = 5.0;
				TARGETED_DEVICE_FAMILY = "1,2";
			};
			name = Debug;
		};
		D8C85ADC25935CE500DF2AD6 /* Release */ = {
			isa = XCBuildConfiguration;
			buildSettings = {
				ASSETCATALOG_COMPILER_APPICON_NAME = AppIcon;
				ASSETCATALOG_COMPILER_GLOBAL_ACCENT_COLOR_NAME = AccentColor;
				CODE_SIGN_STYLE = Automatic;
				DEVELOPMENT_TEAM = 6J6245LPWX;
				INFOPLIST_FILE = Messenger/Info.plist;
				IPHONEOS_DEPLOYMENT_TARGET = 14.0;
				LD_RUNPATH_SEARCH_PATHS = (
					"$(inherited)",
					"@executable_path/Frameworks",
				);
				PRODUCT_BUNDLE_IDENTIFIER = "egehan-karakose.Messenger";
				PRODUCT_NAME = "$(TARGET_NAME)";
				SWIFT_VERSION = 5.0;
				TARGETED_DEVICE_FAMILY = "1,2";
			};
			name = Release;
		};
/* End XCBuildConfiguration section */

/* Begin XCConfigurationList section */
		D8C85AC125935CE100DF2AD6 /* Build configuration list for PBXProject "Messenger" */ = {
			isa = XCConfigurationList;
			buildConfigurations = (
				D8C85AD825935CE500DF2AD6 /* Debug */,
				D8C85AD925935CE500DF2AD6 /* Release */,
			);
			defaultConfigurationIsVisible = 0;
			defaultConfigurationName = Release;
		};
		D8C85ADA25935CE500DF2AD6 /* Build configuration list for PBXNativeTarget "Messenger" */ = {
			isa = XCConfigurationList;
			buildConfigurations = (
				D8C85ADB25935CE500DF2AD6 /* Debug */,
				D8C85ADC25935CE500DF2AD6 /* Release */,
			);
			defaultConfigurationIsVisible = 0;
			defaultConfigurationName = Release;
		};
/* End XCConfigurationList section */
	};
	rootObject = D8C85ABE25935CE100DF2AD6 /* Project object */;
}
